
Microsoft Visual Studio Solution File, Format Version 12.00
# Visual Studio Version 17
VisualStudioVersion = 17.4.33213.308
MinimumVisualStudioVersion = 10.0.40219.1
Project("{9A19103F-16F7-4668-BE54-9A1E7A4F7556}") = "BlazorProducts.Client", "BlazorProducts.Client\BlazorProducts.Client.csproj", "{AFD4B7BE-3403-462A-A309-A7D7F5D5F7E1}"
EndProject
Project("{FAE04EC0-301F-11D3-BF4B-00C04F79EFBC}") = "BlazorProducts.Entities", "BlazorProducts.Entities\BlazorProducts.Entities.csproj", "{351A1BE9-EA64-4670-B5F0-DA84F09A38A8}"
EndProject
Global
	GlobalSection(SolutionConfigurationPlatforms) = preSolution
		Debug|Any CPU = Debug|Any CPU
		Release|Any CPU = Release|Any CPU
	EndGlobalSection
	GlobalSection(ProjectConfigurationPlatforms) = postSolution
		{AFD4B7BE-3403-462A-A309-A7D7F5D5F7E1}.Debug|Any CPU.ActiveCfg = Debug|Any CPU
		{AFD4B7BE-3403-462A-A309-A7D7F5D5F7E1}.Debug|Any CPU.Build.0 = Debug|Any CPU
		{AFD4B7BE-3403-462A-A309-A7D7F5D5F7E1}.Release|Any CPU.ActiveCfg = Release|Any CPU
		{AFD4B7BE-3403-462A-A309-A7D7F5D5F7E1}.Release|Any CPU.Build.0 = Release|Any CPU
		{351A1BE9-EA64-4670-B5F0-DA84F09A38A8}.Debug|Any CPU.ActiveCfg = Debug|Any CPU
		{351A1BE9-EA64-4670-B5F0-DA84F09A38A8}.Debug|Any CPU.Build.0 = Debug|Any CPU
		{351A1BE9-EA64-4670-B5F0-DA84F09A38A8}.Release|Any CPU.ActiveCfg = Release|Any CPU
		{351A1BE9-EA64-4670-B5F0-DA84F09A38A8}.Release|Any CPU.Build.0 = Release|Any CPU
	EndGlobalSection
	GlobalSection(SolutionProperties) = preSolution
		HideSolutionNode = FALSE
	EndGlobalSection
	GlobalSection(ExtensibilityGlobals) = postSolution
		SolutionGuid = {22D439E3-33A7-4E27-8E59-12509B8873A6}
	EndGlobalSection
EndGlobal
